// !$*UTF8*$!
{
	archiveVersion = 1;
	classes = {
	};
	objectVersion = 56;
	objects = {

/* Begin PBXBuildFile section */
		74D63C392A3B583200E129A1 /* AppDelegate.swift in Sources */ = {isa = PBXBuildFile; fileRef = 74D63C382A3B583200E129A1 /* AppDelegate.swift */; };
		74D63C3B2A3B583200E129A1 /* SceneDelegate.swift in Sources */ = {isa = PBXBuildFile; fileRef = 74D63C3A2A3B583200E129A1 /* SceneDelegate.swift */; };
		74D63C3D2A3B583200E129A1 /* RMTabViewController.swift in Sources */ = {isa = PBXBuildFile; fileRef = 74D63C3C2A3B583200E129A1 /* RMTabViewController.swift */; };
		74D63C422A3B583300E129A1 /* Assets.xcassets in Resources */ = {isa = PBXBuildFile; fileRef = 74D63C412A3B583300E129A1 /* Assets.xcassets */; };
		74D63C452A3B583300E129A1 /* LaunchScreen.storyboard in Resources */ = {isa = PBXBuildFile; fileRef = 74D63C432A3B583300E129A1 /* LaunchScreen.storyboard */; };
		74D63C542A3C598000E129A1 /* RMLocation.swift in Sources */ = {isa = PBXBuildFile; fileRef = 74D63C532A3C598000E129A1 /* RMLocation.swift */; };
		74D63C562A3C599900E129A1 /* RMCharacter.swift in Sources */ = {isa = PBXBuildFile; fileRef = 74D63C552A3C599900E129A1 /* RMCharacter.swift */; };
		74D63C582A3C59A400E129A1 /* RMEpisode.swift in Sources */ = {isa = PBXBuildFile; fileRef = 74D63C572A3C59A400E129A1 /* RMEpisode.swift */; };
		74D63C5B2A3C5CEA00E129A1 /* RMCharacterViewController.swift in Sources */ = {isa = PBXBuildFile; fileRef = 74D63C5A2A3C5CEA00E129A1 /* RMCharacterViewController.swift */; };
		74D63C5D2A3C5D7800E129A1 /* RMLocationViewController.swift in Sources */ = {isa = PBXBuildFile; fileRef = 74D63C5C2A3C5D7800E129A1 /* RMLocationViewController.swift */; };
		74D63C5F2A3C5D8500E129A1 /* RMEpisodeViewController.swift in Sources */ = {isa = PBXBuildFile; fileRef = 74D63C5E2A3C5D8500E129A1 /* RMEpisodeViewController.swift */; };
		74D63C612A3C5DE900E129A1 /* RMSettingsViewController.swift in Sources */ = {isa = PBXBuildFile; fileRef = 74D63C602A3C5DE900E129A1 /* RMSettingsViewController.swift */; };
/* End PBXBuildFile section */

/* Begin PBXFileReference section */
		74D63C352A3B583200E129A1 /* RickandMortyApp.app */ = {isa = PBXFileReference; explicitFileType = wrapper.application; includeInIndex = 0; path = RickandMortyApp.app; sourceTree = BUILT_PRODUCTS_DIR; };
		74D63C382A3B583200E129A1 /* AppDelegate.swift */ = {isa = PBXFileReference; lastKnownFileType = sourcecode.swift; path = AppDelegate.swift; sourceTree = "<group>"; };
		74D63C3A2A3B583200E129A1 /* SceneDelegate.swift */ = {isa = PBXFileReference; lastKnownFileType = sourcecode.swift; path = SceneDelegate.swift; sourceTree = "<group>"; };
		74D63C3C2A3B583200E129A1 /* RMTabViewController.swift */ = {isa = PBXFileReference; lastKnownFileType = sourcecode.swift; path = RMTabViewController.swift; sourceTree = "<group>"; };
		74D63C412A3B583300E129A1 /* Assets.xcassets */ = {isa = PBXFileReference; lastKnownFileType = folder.assetcatalog; path = Assets.xcassets; sourceTree = "<group>"; };
		74D63C442A3B583300E129A1 /* Base */ = {isa = PBXFileReference; lastKnownFileType = file.storyboard; name = Base; path = Base.lproj/LaunchScreen.storyboard; sourceTree = "<group>"; };
		74D63C462A3B583300E129A1 /* Info.plist */ = {isa = PBXFileReference; lastKnownFileType = text.plist.xml; path = Info.plist; sourceTree = "<group>"; };
		74D63C532A3C598000E129A1 /* RMLocation.swift */ = {isa = PBXFileReference; lastKnownFileType = sourcecode.swift; path = RMLocation.swift; sourceTree = "<group>"; };
		74D63C552A3C599900E129A1 /* RMCharacter.swift */ = {isa = PBXFileReference; lastKnownFileType = sourcecode.swift; path = RMCharacter.swift; sourceTree = "<group>"; };
		74D63C572A3C59A400E129A1 /* RMEpisode.swift */ = {isa = PBXFileReference; lastKnownFileType = sourcecode.swift; path = RMEpisode.swift; sourceTree = "<group>"; };
		74D63C5A2A3C5CEA00E129A1 /* RMCharacterViewController.swift */ = {isa = PBXFileReference; lastKnownFileType = sourcecode.swift; path = RMCharacterViewController.swift; sourceTree = "<group>"; };
		74D63C5C2A3C5D7800E129A1 /* RMLocationViewController.swift */ = {isa = PBXFileReference; lastKnownFileType = sourcecode.swift; path = RMLocationViewController.swift; sourceTree = "<group>"; };
		74D63C5E2A3C5D8500E129A1 /* RMEpisodeViewController.swift */ = {isa = PBXFileReference; lastKnownFileType = sourcecode.swift; path = RMEpisodeViewController.swift; sourceTree = "<group>"; };
		74D63C602A3C5DE900E129A1 /* RMSettingsViewController.swift */ = {isa = PBXFileReference; lastKnownFileType = sourcecode.swift; path = RMSettingsViewController.swift; sourceTree = "<group>"; };
/* End PBXFileReference section */

/* Begin PBXFrameworksBuildPhase section */
		74D63C322A3B583200E129A1 /* Frameworks */ = {
			isa = PBXFrameworksBuildPhase;
			buildActionMask = 2147483647;
			files = (
			);
			runOnlyForDeploymentPostprocessing = 0;
		};
/* End PBXFrameworksBuildPhase section */

/* Begin PBXGroup section */
		74D63C2C2A3B583200E129A1 = {
			isa = PBXGroup;
			children = (
				74D63C372A3B583200E129A1 /* RickandMortyApp */,
				74D63C362A3B583200E129A1 /* Products */,
			);
			sourceTree = "<group>";
		};
		74D63C362A3B583200E129A1 /* Products */ = {
			isa = PBXGroup;
			children = (
				74D63C352A3B583200E129A1 /* RickandMortyApp.app */,
			);
			name = Products;
			sourceTree = "<group>";
		};
		74D63C372A3B583200E129A1 /* RickandMortyApp */ = {
			isa = PBXGroup;
			children = (
				74D63C522A3C58C400E129A1 /* Resources */,
				74D63C512A3C58B400E129A1 /* Managers */,
				74D63C502A3C58A100E129A1 /* APIClient */,
				74D63C4F2A3C587900E129A1 /* ViewModels */,
				74D63C4E2A3C587100E129A1 /* Views */,
				74D63C4D2A3C585500E129A1 /* Models */,
				74D63C4C2A3C584B00E129A1 /* Controllers */,
				74D63C462A3B583300E129A1 /* Info.plist */,
			);
			path = RickandMortyApp;
			sourceTree = "<group>";
		};
		74D63C4C2A3C584B00E129A1 /* Controllers */ = {
			isa = PBXGroup;
			children = (
				74D63C592A3C5C9600E129A1 /* Core */,
			);
			path = Controllers;
			sourceTree = "<group>";
		};
		74D63C4D2A3C585500E129A1 /* Models */ = {
			isa = PBXGroup;
			children = (
				74D63C532A3C598000E129A1 /* RMLocation.swift */,
				74D63C552A3C599900E129A1 /* RMCharacter.swift */,
				74D63C572A3C59A400E129A1 /* RMEpisode.swift */,
			);
			path = Models;
			sourceTree = "<group>";
		};
		74D63C4E2A3C587100E129A1 /* Views */ = {
			isa = PBXGroup;
			children = (
			);
			path = Views;
			sourceTree = "<group>";
		};
		74D63C4F2A3C587900E129A1 /* ViewModels */ = {
			isa = PBXGroup;
			children = (
			);
			path = ViewModels;
			sourceTree = "<group>";
		};
		74D63C502A3C58A100E129A1 /* APIClient */ = {
			isa = PBXGroup;
			children = (
			);
			path = APIClient;
			sourceTree = "<group>";
		};
		74D63C512A3C58B400E129A1 /* Managers */ = {
			isa = PBXGroup;
			children = (
			);
			path = Managers;
			sourceTree = "<group>";
		};
		74D63C522A3C58C400E129A1 /* Resources */ = {
			isa = PBXGroup;
			children = (
				74D63C382A3B583200E129A1 /* AppDelegate.swift */,
				74D63C3A2A3B583200E129A1 /* SceneDelegate.swift */,
				74D63C412A3B583300E129A1 /* Assets.xcassets */,
				74D63C432A3B583300E129A1 /* LaunchScreen.storyboard */,
			);
			path = Resources;
			sourceTree = "<group>";
		};
		74D63C592A3C5C9600E129A1 /* Core */ = {
			isa = PBXGroup;
			children = (
				74D63C3C2A3B583200E129A1 /* RMTabViewController.swift */,
				74D63C5A2A3C5CEA00E129A1 /* RMCharacterViewController.swift */,
				74D63C5C2A3C5D7800E129A1 /* RMLocationViewController.swift */,
				74D63C5E2A3C5D8500E129A1 /* RMEpisodeViewController.swift */,
				74D63C602A3C5DE900E129A1 /* RMSettingsViewController.swift */,
			);
			path = Core;
			sourceTree = "<group>";
		};
/* End PBXGroup section */

/* Begin PBXNativeTarget section */
		74D63C342A3B583200E129A1 /* RickandMortyApp */ = {
			isa = PBXNativeTarget;
			buildConfigurationList = 74D63C492A3B583300E129A1 /* Build configuration list for PBXNativeTarget "RickandMortyApp" */;
			buildPhases = (
				74D63C312A3B583200E129A1 /* Sources */,
				74D63C322A3B583200E129A1 /* Frameworks */,
				74D63C332A3B583200E129A1 /* Resources */,
			);
			buildRules = (
			);
			dependencies = (
			);
			name = RickandMortyApp;
			productName = RickandMortyApp;
			productReference = 74D63C352A3B583200E129A1 /* RickandMortyApp.app */;
			productType = "com.apple.product-type.application";
		};
/* End PBXNativeTarget section */

/* Begin PBXProject section */
		74D63C2D2A3B583200E129A1 /* Project object */ = {
			isa = PBXProject;
			attributes = {
				BuildIndependentTargetsInParallel = 1;
				LastSwiftUpdateCheck = 1430;
				LastUpgradeCheck = 1430;
				TargetAttributes = {
					74D63C342A3B583200E129A1 = {
						CreatedOnToolsVersion = 14.3.1;
					};
				};
			};
			buildConfigurationList = 74D63C302A3B583200E129A1 /* Build configuration list for PBXProject "RickandMortyApp" */;
			compatibilityVersion = "Xcode 14.0";
			developmentRegion = en;
			hasScannedForEncodings = 0;
			knownRegions = (
				en,
				Base,
			);
			mainGroup = 74D63C2C2A3B583200E129A1;
			productRefGroup = 74D63C362A3B583200E129A1 /* Products */;
			projectDirPath = "";
			projectRoot = "";
			targets = (
				74D63C342A3B583200E129A1 /* RickandMortyApp */,
			);
		};
/* End PBXProject section */

/* Begin PBXResourcesBuildPhase section */
		74D63C332A3B583200E129A1 /* Resources */ = {
			isa = PBXResourcesBuildPhase;
			buildActionMask = 2147483647;
			files = (
				74D63C452A3B583300E129A1 /* LaunchScreen.storyboard in Resources */,
				74D63C422A3B583300E129A1 /* Assets.xcassets in Resources */,
			);
			runOnlyForDeploymentPostprocessing = 0;
		};
/* End PBXResourcesBuildPhase section */

/* Begin PBXSourcesBuildPhase section */
		74D63C312A3B583200E129A1 /* Sources */ = {
			isa = PBXSourcesBuildPhase;
			buildActionMask = 2147483647;
			files = (
				74D63C5D2A3C5D7800E129A1 /* RMLocationViewController.swift in Sources */,
				74D63C582A3C59A400E129A1 /* RMEpisode.swift in Sources */,
				74D63C3D2A3B583200E129A1 /* RMTabViewController.swift in Sources */,
				74D63C5F2A3C5D8500E129A1 /* RMEpisodeViewController.swift in Sources */,
				74D63C392A3B583200E129A1 /* AppDelegate.swift in Sources */,
				74D63C3B2A3B583200E129A1 /* SceneDelegate.swift in Sources */,
				74D63C612A3C5DE900E129A1 /* RMSettingsViewController.swift in Sources */,
				74D63C542A3C598000E129A1 /* RMLocation.swift in Sources */,
				74D63C562A3C599900E129A1 /* RMCharacter.swift in Sources */,
				74D63C5B2A3C5CEA00E129A1 /* RMCharacterViewController.swift in Sources */,
			);
			runOnlyForDeploymentPostprocessing = 0;
		};
/* End PBXSourcesBuildPhase section */

/* Begin PBXVariantGroup section */
		74D63C432A3B583300E129A1 /* LaunchScreen.storyboard */ = {
			isa = PBXVariantGroup;
			children = (
				74D63C442A3B583300E129A1 /* Base */,
			);
			name = LaunchScreen.storyboard;
			sourceTree = "<group>";
		};
/* End PBXVariantGroup section */

/* Begin XCBuildConfiguration section */
		74D63C472A3B583300E129A1 /* Debug */ = {
			isa = XCBuildConfiguration;
			buildSettings = {
				ALWAYS_SEARCH_USER_PATHS = NO;
				CLANG_ANALYZER_NONNULL = YES;
				CLANG_ANALYZER_NUMBER_OBJECT_CONVERSION = YES_AGGRESSIVE;
				CLANG_CXX_LANGUAGE_STANDARD = "gnu++20";
				CLANG_ENABLE_MODULES = YES;
				CLANG_ENABLE_OBJC_ARC = YES;
				CLANG_ENABLE_OBJC_WEAK = YES;
				CLANG_WARN_BLOCK_CAPTURE_AUTORELEASING = YES;
				CLANG_WARN_BOOL_CONVERSION = YES;
				CLANG_WARN_COMMA = YES;
				CLANG_WARN_CONSTANT_CONVERSION = YES;
				CLANG_WARN_DEPRECATED_OBJC_IMPLEMENTATIONS = YES;
				CLANG_WARN_DIRECT_OBJC_ISA_USAGE = YES_ERROR;
				CLANG_WARN_DOCUMENTATION_COMMENTS = YES;
				CLANG_WARN_EMPTY_BODY = YES;
				CLANG_WARN_ENUM_CONVERSION = YES;
				CLANG_WARN_INFINITE_RECURSION = YES;
				CLANG_WARN_INT_CONVERSION = YES;
				CLANG_WARN_NON_LITERAL_NULL_CONVERSION = YES;
				CLANG_WARN_OBJC_IMPLICIT_RETAIN_SELF = YES;
				CLANG_WARN_OBJC_LITERAL_CONVERSION = YES;
				CLANG_WARN_OBJC_ROOT_CLASS = YES_ERROR;
				CLANG_WARN_QUOTED_INCLUDE_IN_FRAMEWORK_HEADER = YES;
				CLANG_WARN_RANGE_LOOP_ANALYSIS = YES;
				CLANG_WARN_STRICT_PROTOTYPES = YES;
				CLANG_WARN_SUSPICIOUS_MOVE = YES;
				CLANG_WARN_UNGUARDED_AVAILABILITY = YES_AGGRESSIVE;
				CLANG_WARN_UNREACHABLE_CODE = YES;
				CLANG_WARN__DUPLICATE_METHOD_MATCH = YES;
				COPY_PHASE_STRIP = NO;
				DEBUG_INFORMATION_FORMAT = dwarf;
				ENABLE_STRICT_OBJC_MSGSEND = YES;
				ENABLE_TESTABILITY = YES;
				GCC_C_LANGUAGE_STANDARD = gnu11;
				GCC_DYNAMIC_NO_PIC = NO;
				GCC_NO_COMMON_BLOCKS = YES;
				GCC_OPTIMIZATION_LEVEL = 0;
				GCC_PREPROCESSOR_DEFINITIONS = (
					"DEBUG=1",
					"$(inherited)",
				);
				GCC_WARN_64_TO_32_BIT_CONVERSION = YES;
				GCC_WARN_ABOUT_RETURN_TYPE = YES_ERROR;
				GCC_WARN_UNDECLARED_SELECTOR = YES;
				GCC_WARN_UNINITIALIZED_AUTOS = YES_AGGRESSIVE;
				GCC_WARN_UNUSED_FUNCTION = YES;
				GCC_WARN_UNUSED_VARIABLE = YES;
				IPHONEOS_DEPLOYMENT_TARGET = 16.4;
				MTL_ENABLE_DEBUG_INFO = INCLUDE_SOURCE;
				MTL_FAST_MATH = YES;
				ONLY_ACTIVE_ARCH = YES;
				SDKROOT = iphoneos;
				SWIFT_ACTIVE_COMPILATION_CONDITIONS = DEBUG;
				SWIFT_OPTIMIZATION_LEVEL = "-Onone";
			};
			name = Debug;
		};
		74D63C482A3B583300E129A1 /* Release */ = {
			isa = XCBuildConfiguration;
			buildSettings = {
				ALWAYS_SEARCH_USER_PATHS = NO;
				CLANG_ANALYZER_NONNULL = YES;
				CLANG_ANALYZER_NUMBER_OBJECT_CONVERSION = YES_AGGRESSIVE;
				CLANG_CXX_LANGUAGE_STANDARD = "gnu++20";
				CLANG_ENABLE_MODULES = YES;
				CLANG_ENABLE_OBJC_ARC = YES;
				CLANG_ENABLE_OBJC_WEAK = YES;
				CLANG_WARN_BLOCK_CAPTURE_AUTORELEASING = YES;
				CLANG_WARN_BOOL_CONVERSION = YES;
				CLANG_WARN_COMMA = YES;
				CLANG_WARN_CONSTANT_CONVERSION = YES;
				CLANG_WARN_DEPRECATED_OBJC_IMPLEMENTATIONS = YES;
				CLANG_WARN_DIRECT_OBJC_ISA_USAGE = YES_ERROR;
				CLANG_WARN_DOCUMENTATION_COMMENTS = YES;
				CLANG_WARN_EMPTY_BODY = YES;
				CLANG_WARN_ENUM_CONVERSION = YES;
				CLANG_WARN_INFINITE_RECURSION = YES;
				CLANG_WARN_INT_CONVERSION = YES;
				CLANG_WARN_NON_LITERAL_NULL_CONVERSION = YES;
				CLANG_WARN_OBJC_IMPLICIT_RETAIN_SELF = YES;
				CLANG_WARN_OBJC_LITERAL_CONVERSION = YES;
				CLANG_WARN_OBJC_ROOT_CLASS = YES_ERROR;
				CLANG_WARN_QUOTED_INCLUDE_IN_FRAMEWORK_HEADER = YES;
				CLANG_WARN_RANGE_LOOP_ANALYSIS = YES;
				CLANG_WARN_STRICT_PROTOTYPES = YES;
				CLANG_WARN_SUSPICIOUS_MOVE = YES;
				CLANG_WARN_UNGUARDED_AVAILABILITY = YES_AGGRESSIVE;
				CLANG_WARN_UNREACHABLE_CODE = YES;
				CLANG_WARN__DUPLICATE_METHOD_MATCH = YES;
				COPY_PHASE_STRIP = NO;
				DEBUG_INFORMATION_FORMAT = "dwarf-with-dsym";
				ENABLE_NS_ASSERTIONS = NO;
				ENABLE_STRICT_OBJC_MSGSEND = YES;
				GCC_C_LANGUAGE_STANDARD = gnu11;
				GCC_NO_COMMON_BLOCKS = YES;
				GCC_WARN_64_TO_32_BIT_CONVERSION = YES;
				GCC_WARN_ABOUT_RETURN_TYPE = YES_ERROR;
				GCC_WARN_UNDECLARED_SELECTOR = YES;
				GCC_WARN_UNINITIALIZED_AUTOS = YES_AGGRESSIVE;
				GCC_WARN_UNUSED_FUNCTION = YES;
				GCC_WARN_UNUSED_VARIABLE = YES;
				IPHONEOS_DEPLOYMENT_TARGET = 16.4;
				MTL_ENABLE_DEBUG_INFO = NO;
				MTL_FAST_MATH = YES;
				SDKROOT = iphoneos;
				SWIFT_COMPILATION_MODE = wholemodule;
				SWIFT_OPTIMIZATION_LEVEL = "-O";
				VALIDATE_PRODUCT = YES;
			};
			name = Release;
		};
		74D63C4A2A3B583300E129A1 /* Debug */ = {
			isa = XCBuildConfiguration;
			buildSettings = {
				ASSETCATALOG_COMPILER_APPICON_NAME = AppIcon;
				ASSETCATALOG_COMPILER_GLOBAL_ACCENT_COLOR_NAME = AccentColor;
				CODE_SIGN_STYLE = Automatic;
				CURRENT_PROJECT_VERSION = 1;
				DEVELOPMENT_TEAM = G3U754K59D;
				GENERATE_INFOPLIST_FILE = YES;
				INFOPLIST_FILE = RickandMortyApp/Info.plist;
				INFOPLIST_KEY_UIApplicationSupportsIndirectInputEvents = YES;
				INFOPLIST_KEY_UILaunchStoryboardName = LaunchScreen;
				INFOPLIST_KEY_UISupportedInterfaceOrientations_iPad = "UIInterfaceOrientationPortrait UIInterfaceOrientationPortraitUpsideDown UIInterfaceOrientationLandscapeLeft UIInterfaceOrientationLandscapeRight";
				INFOPLIST_KEY_UISupportedInterfaceOrientations_iPhone = "UIInterfaceOrientationPortrait UIInterfaceOrientationLandscapeLeft UIInterfaceOrientationLandscapeRight";
				LD_RUNPATH_SEARCH_PATHS = (
					"$(inherited)",
					"@executable_path/Frameworks",
				);
				MARKETING_VERSION = 1.0;
				PRODUCT_BUNDLE_IDENTIFIER = com.RickandMortyApp;
				PRODUCT_NAME = "$(TARGET_NAME)";
				SWIFT_EMIT_LOC_STRINGS = YES;
				SWIFT_VERSION = 5.0;
				TARGETED_DEVICE_FAMILY = "1,2";
			};
			name = Debug;
		};
		74D63C4B2A3B583300E129A1 /* Release */ = {
			isa = XCBuildConfiguration;
			buildSettings = {
				ASSETCATALOG_COMPILER_APPICON_NAME = AppIcon;
				ASSETCATALOG_COMPILER_GLOBAL_ACCENT_COLOR_NAME = AccentColor;
				CODE_SIGN_STYLE = Automatic;
				CURRENT_PROJECT_VERSION = 1;
				DEVELOPMENT_TEAM = G3U754K59D;
				GENERATE_INFOPLIST_FILE = YES;
				INFOPLIST_FILE = RickandMortyApp/Info.plist;
				INFOPLIST_KEY_UIApplicationSupportsIndirectInputEvents = YES;
				INFOPLIST_KEY_UILaunchStoryboardName = LaunchScreen;
				INFOPLIST_KEY_UISupportedInterfaceOrientations_iPad = "UIInterfaceOrientationPortrait UIInterfaceOrientationPortraitUpsideDown UIInterfaceOrientationLandscapeLeft UIInterfaceOrientationLandscapeRight";
				INFOPLIST_KEY_UISupportedInterfaceOrientations_iPhone = "UIInterfaceOrientationPortrait UIInterfaceOrientationLandscapeLeft UIInterfaceOrientationLandscapeRight";
				LD_RUNPATH_SEARCH_PATHS = (
					"$(inherited)",
					"@executable_path/Frameworks",
				);
				MARKETING_VERSION = 1.0;
				PRODUCT_BUNDLE_IDENTIFIER = com.RickandMortyApp;
				PRODUCT_NAME = "$(TARGET_NAME)";
				SWIFT_EMIT_LOC_STRINGS = YES;
				SWIFT_VERSION = 5.0;
				TARGETED_DEVICE_FAMILY = "1,2";
			};
			name = Release;
		};
/* End XCBuildConfiguration section */

/* Begin XCConfigurationList section */
		74D63C302A3B583200E129A1 /* Build configuration list for PBXProject "RickandMortyApp" */ = {
			isa = XCConfigurationList;
			buildConfigurations = (
				74D63C472A3B583300E129A1 /* Debug */,
				74D63C482A3B583300E129A1 /* Release */,
			);
			defaultConfigurationIsVisible = 0;
			defaultConfigurationName = Release;
		};
		74D63C492A3B583300E129A1 /* Build configuration list for PBXNativeTarget "RickandMortyApp" */ = {
			isa = XCConfigurationList;
			buildConfigurations = (
				74D63C4A2A3B583300E129A1 /* Debug */,
				74D63C4B2A3B583300E129A1 /* Release */,
			);
			defaultConfigurationIsVisible = 0;
			defaultConfigurationName = Release;
		};
/* End XCConfigurationList section */
	};
	rootObject = 74D63C2D2A3B583200E129A1 /* Project object */;
}
